// !$*UTF8*$!
{
	archiveVersion = 1;
	classes = {
	};
	objectVersion = 54;
	objects = {

/* Begin PBXBuildFile section */
		75335F342FEDD45100242B2A /* EndScreenData.swift in Sources */ = {isa = PBXBuildFile; fileRef = 75335F322FEDD45100242B2A /* EndScreenData.swift */; };
		75335F352FEDD45100242B2A /* MainScreenData.swift in Sources */ = {isa = PBXBuildFile; fileRef = 75335F332FEDD45100242B2A /* MainScreenData.swift */; };
		7560EA8026B3858A00F3C0CE /* QuestionsRepository.swift in Sources */ = {isa = PBXBuildFile; fileRef = 7560EA7F26B3858A00F3C0CE /* QuestionsRepository.swift */; };
		7560EA8226B386D800F3C0CE /* QuizzViewModel.swift in Sources */ = {isa = PBXBuildFile; fileRef = 7560EA8126B386D800F3C0CE /* QuizzViewModel.swift */; };
		7560EA8826B775B300F3C0CE /* EndView.swift in Sources */ = {isa = PBXBuildFile; fileRef = 7560EA8726B775B300F3C0CE /* EndView.swift */; };
		758F011C26B1F97300349B32 /* AppDelegate.swift in Sources */ = {isa = PBXBuildFile; fileRef = 758F011B26B1F97300349B32 /* AppDelegate.swift */; };
		758F012026B1F97300349B32 /* MainView.swift in Sources */ = {isa = PBXBuildFile; fileRef = 758F011F26B1F97300349B32 /* MainView.swift */; };
		758F012526B1F97400349B32 /* Assets.xcassets in Resources */ = {isa = PBXBuildFile; fileRef = 758F012426B1F97400349B32 /* Assets.xcassets */; };
		758F013526B201F600349B32 /* QuizzView.swift in Sources */ = {isa = PBXBuildFile; fileRef = 758F013426B201F600349B32 /* QuizzView.swift */; };
		758F013926B2042A00349B32 /* ContentView.swift in Sources */ = {isa = PBXBuildFile; fileRef = 758F013826B2042A00349B32 /* ContentView.swift */; };
		758F013B26B206D200349B32 /* Question.swift in Sources */ = {isa = PBXBuildFile; fileRef = 758F013A26B206D200349B32 /* Question.swift */; };
		75C715752FEB8C54006A9E17 /* AppScreen.swift in Sources */ = {isa = PBXBuildFile; fileRef = 75C715742FEB8C52006A9E17 /* AppScreen.swift */; };
		75C7157A2FEB9022006A9E17 /* AnswerButton.swift in Sources */ = {isa = PBXBuildFile; fileRef = 75C715792FEB901D006A9E17 /* AnswerButton.swift */; };
		75C7157C2FEB9040006A9E17 /* QuizzImageView.swift in Sources */ = {isa = PBXBuildFile; fileRef = 75C7157B2FEB903C006A9E17 /* QuizzImageView.swift */; };
		75C7157F2FEB907B006A9E17 /* AnswerState.swift in Sources */ = {isa = PBXBuildFile; fileRef = 75C7157E2FEB9079006A9E17 /* AnswerState.swift */; };
		75C715812FEB92E7006A9E17 /* Colors.swift in Sources */ = {isa = PBXBuildFile; fileRef = 75C715802FEB92E7006A9E17 /* Colors.swift */; };
		75C715842FEB98FD006A9E17 /* String+Localized.swift in Sources */ = {isa = PBXBuildFile; fileRef = 75C715822FEB98FD006A9E17 /* String+Localized.swift */; };
		75C715892FEB9921006A9E17 /* Localizable.strings in Resources */ = {isa = PBXBuildFile; fileRef = 75C715872FEB9921006A9E17 /* Localizable.strings */; };
		75C7158B2FEC51FF006A9E17 /* GoogleService-Info.plist in Resources */ = {isa = PBXBuildFile; fileRef = 75C7158A2FEC51FF006A9E17 /* GoogleService-Info.plist */; };
		75C7158E2FEC5571006A9E17 /* FirebaseAnalytics in Frameworks */ = {isa = PBXBuildFile; productRef = 75C7158D2FEC5571006A9E17 /* FirebaseAnalytics */; };
		75C715902FEC5571006A9E17 /* FirebaseAnalyticsCore in Frameworks */ = {isa = PBXBuildFile; productRef = 75C7158F2FEC5571006A9E17 /* FirebaseAnalyticsCore */; };
		75C715922FEC5571006A9E17 /* FirebaseCore in Frameworks */ = {isa = PBXBuildFile; productRef = 75C715912FEC5571006A9E17 /* FirebaseCore */; };
		75C715942FEC5571006A9E17 /* FirebaseDatabase in Frameworks */ = {isa = PBXBuildFile; productRef = 75C715932FEC5571006A9E17 /* FirebaseDatabase */; };
		75C715962FEC5571006A9E17 /* FirebaseFirestore in Frameworks */ = {isa = PBXBuildFile; productRef = 75C715952FEC5571006A9E17 /* FirebaseFirestore */; };
		75C715982FEC5571006A9E17 /* FirebaseFirestoreCombine-Community in Frameworks */ = {isa = PBXBuildFile; productRef = 75C715972FEC5571006A9E17 /* FirebaseFirestoreCombine-Community */; };
		75C7159F2FEC5763006A9E17 /* EndContentService.swift in Sources */ = {isa = PBXBuildFile; fileRef = 75C7159D2FEC5763006A9E17 /* EndContentService.swift */; };
		75C715A02FEC5763006A9E17 /* MainContentService.swift in Sources */ = {isa = PBXBuildFile; fileRef = 75C7159E2FEC5763006A9E17 /* MainContentService.swift */; };
		75C715A32FEC5785006A9E17 /* ScreenContent.swift in Sources */ = {isa = PBXBuildFile; fileRef = 75C715A22FEC5785006A9E17 /* ScreenContent.swift */; };
		75C715A62FEC64BB006A9E17 /* EndViewModel.swift in Sources */ = {isa = PBXBuildFile; fileRef = 75C715A42FEC64BB006A9E17 /* EndViewModel.swift */; };
		75C715A72FEC64BB006A9E17 /* MainViewModel.swift in Sources */ = {isa = PBXBuildFile; fileRef = 75C715A52FEC64BB006A9E17 /* MainViewModel.swift */; };
		75C715A92FEC6FB4006A9E17 /* QuizService.swift in Sources */ = {isa = PBXBuildFile; fileRef = 75C715A82FEC6FB4006A9E17 /* QuizService.swift */; };
		75C715AB2FECB9A7006A9E17 /* AppSettingsService.swift in Sources */ = {isa = PBXBuildFile; fileRef = 75C715AA2FECB9A7006A9E17 /* AppSettingsService.swift */; };
		75C715AE2FECBA77006A9E17 /* LocalStorageManager.swift in Sources */ = {isa = PBXBuildFile; fileRef = 75C715AC2FECBA77006A9E17 /* LocalStorageManager.swift */; };
/* End PBXBuildFile section */

/* Begin PBXFileReference section */
		75335F322FEDD45100242B2A /* EndScreenData.swift */ = {isa = PBXFileReference; lastKnownFileType = sourcecode.swift; path = EndScreenData.swift; sourceTree = "<group>"; };
		75335F332FEDD45100242B2A /* MainScreenData.swift */ = {isa = PBXFileReference; lastKnownFileType = sourcecode.swift; path = MainScreenData.swift; sourceTree = "<group>"; };
		7560EA7F26B3858A00F3C0CE /* QuestionsRepository.swift */ = {isa = PBXFileReference; lastKnownFileType = sourcecode.swift; path = QuestionsRepository.swift; sourceTree = "<group>"; };
		7560EA8126B386D800F3C0CE /* QuizzViewModel.swift */ = {isa = PBXFileReference; lastKnownFileType = sourcecode.swift; path = QuizzViewModel.swift; sourceTree = "<group>"; };
		7560EA8726B775B300F3C0CE /* EndView.swift */ = {isa = PBXFileReference; lastKnownFileType = sourcecode.swift; path = EndView.swift; sourceTree = "<group>"; };
		758F011826B1F97300349B32 /* Strangequizz.app */ = {isa = PBXFileReference; explicitFileType = wrapper.application; includeInIndex = 0; path = Strangequizz.app; sourceTree = BUILT_PRODUCTS_DIR; };
		758F011B26B1F97300349B32 /* AppDelegate.swift */ = {isa = PBXFileReference; lastKnownFileType = sourcecode.swift; path = AppDelegate.swift; sourceTree = "<group>"; };
		758F011F26B1F97300349B32 /* MainView.swift */ = {isa = PBXFileReference; lastKnownFileType = sourcecode.swift; path = MainView.swift; sourceTree = "<group>"; };
		758F012426B1F97400349B32 /* Assets.xcassets */ = {isa = PBXFileReference; lastKnownFileType = folder.assetcatalog; path = Assets.xcassets; sourceTree = "<group>"; };
		758F012926B1F97400349B32 /* Info.plist */ = {isa = PBXFileReference; lastKnownFileType = text.plist.xml; path = Info.plist; sourceTree = "<group>"; };
		758F013426B201F600349B32 /* QuizzView.swift */ = {isa = PBXFileReference; lastKnownFileType = sourcecode.swift; path = QuizzView.swift; sourceTree = "<group>"; };
		758F013826B2042A00349B32 /* ContentView.swift */ = {isa = PBXFileReference; lastKnownFileType = sourcecode.swift; path = ContentView.swift; sourceTree = "<group>"; };
		758F013A26B206D200349B32 /* Question.swift */ = {isa = PBXFileReference; lastKnownFileType = sourcecode.swift; path = Question.swift; sourceTree = "<group>"; };
		75C715742FEB8C52006A9E17 /* AppScreen.swift */ = {isa = PBXFileReference; lastKnownFileType = sourcecode.swift; path = AppScreen.swift; sourceTree = "<group>"; };
		75C715792FEB901D006A9E17 /* AnswerButton.swift */ = {isa = PBXFileReference; lastKnownFileType = sourcecode.swift; path = AnswerButton.swift; sourceTree = "<group>"; };
		75C7157B2FEB903C006A9E17 /* QuizzImageView.swift */ = {isa = PBXFileReference; lastKnownFileType = sourcecode.swift; path = QuizzImageView.swift; sourceTree = "<group>"; };
		75C7157E2FEB9079006A9E17 /* AnswerState.swift */ = {isa = PBXFileReference; lastKnownFileType = sourcecode.swift; path = AnswerState.swift; sourceTree = "<group>"; };
		75C715802FEB92E7006A9E17 /* Colors.swift */ = {isa = PBXFileReference; lastKnownFileType = sourcecode.swift; path = Colors.swift; sourceTree = "<group>"; };
		75C715822FEB98FD006A9E17 /* String+Localized.swift */ = {isa = PBXFileReference; lastKnownFileType = sourcecode.swift; path = "String+Localized.swift"; sourceTree = "<group>"; };
		75C715862FEB9921006A9E17 /* en */ = {isa = PBXFileReference; lastKnownFileType = text.plist.strings; name = en; path = Localizable.strings; sourceTree = "<group>"; };
		75C7158A2FEC51FF006A9E17 /* GoogleService-Info.plist */ = {isa = PBXFileReference; lastKnownFileType = text.plist.xml; path = "GoogleService-Info.plist"; sourceTree = "<group>"; };
		75C7159D2FEC5763006A9E17 /* EndContentService.swift */ = {isa = PBXFileReference; lastKnownFileType = sourcecode.swift; path = EndContentService.swift; sourceTree = "<group>"; };
		75C7159E2FEC5763006A9E17 /* MainContentService.swift */ = {isa = PBXFileReference; lastKnownFileType = sourcecode.swift; path = MainContentService.swift; sourceTree = "<group>"; };
		75C715A22FEC5785006A9E17 /* ScreenContent.swift */ = {isa = PBXFileReference; lastKnownFileType = sourcecode.swift; path = ScreenContent.swift; sourceTree = "<group>"; };
		75C715A42FEC64BB006A9E17 /* EndViewModel.swift */ = {isa = PBXFileReference; lastKnownFileType = sourcecode.swift; path = EndViewModel.swift; sourceTree = "<group>"; };
		75C715A52FEC64BB006A9E17 /* MainViewModel.swift */ = {isa = PBXFileReference; lastKnownFileType = sourcecode.swift; path = MainViewModel.swift; sourceTree = "<group>"; };
		75C715A82FEC6FB4006A9E17 /* QuizService.swift */ = {isa = PBXFileReference; lastKnownFileType = sourcecode.swift; path = QuizService.swift; sourceTree = "<group>"; };
		75C715AA2FECB9A7006A9E17 /* AppSettingsService.swift */ = {isa = PBXFileReference; lastKnownFileType = sourcecode.swift; path = AppSettingsService.swift; sourceTree = "<group>"; };
		75C715AC2FECBA77006A9E17 /* LocalStorageManager.swift */ = {isa = PBXFileReference; lastKnownFileType = sourcecode.swift; path = LocalStorageManager.swift; sourceTree = "<group>"; };
/* End PBXFileReference section */

/* Begin PBXFrameworksBuildPhase section */
		758F011526B1F97300349B32 /* Frameworks */ = {
			isa = PBXFrameworksBuildPhase;
			buildActionMask = 2147483647;
			files = (
				75C7158E2FEC5571006A9E17 /* FirebaseAnalytics in Frameworks */,
				75C715922FEC5571006A9E17 /* FirebaseCore in Frameworks */,
				75C715942FEC5571006A9E17 /* FirebaseDatabase in Frameworks */,
				75C715982FEC5571006A9E17 /* FirebaseFirestoreCombine-Community in Frameworks */,
				75C715962FEC5571006A9E17 /* FirebaseFirestore in Frameworks */,
				75C715902FEC5571006A9E17 /* FirebaseAnalyticsCore in Frameworks */,
			);
			runOnlyForDeploymentPostprocessing = 0;
		};
/* End PBXFrameworksBuildPhase section */

/* Begin PBXGroup section */
		758F010F26B1F97300349B32 = {
			isa = PBXGroup;
			children = (
				758F011A26B1F97300349B32 /* somequizz */,
				758F011926B1F97300349B32 /* Products */,
			);
			sourceTree = "<group>";
		};
		758F011926B1F97300349B32 /* Products */ = {
			isa = PBXGroup;
			children = (
				758F011826B1F97300349B32 /* Strangequizz.app */,
			);
			name = Products;
			sourceTree = "<group>";
		};
		758F011A26B1F97300349B32 /* somequizz */ = {
			isa = PBXGroup;
			children = (
				75C7158A2FEC51FF006A9E17 /* GoogleService-Info.plist */,
				75C715852FEB9908006A9E17 /* Utils */,
				758F011B26B1F97300349B32 /* AppDelegate.swift */,
				758F013826B2042A00349B32 /* ContentView.swift */,
				75C715772FEB9007006A9E17 /* DesignSystem */,
				75C715732FEB8C4B006A9E17 /* Enums */,
				75C715722FEB8C29006A9E17 /* ViewModels */,
				758F013126B1FB8A00349B32 /* Models */,
				758F012F26B1FB8500349B32 /* Views */,
				758F012926B1F97400349B32 /* Info.plist */,
				758F012426B1F97400349B32 /* Assets.xcassets */,
			);
			path = somequizz;
			sourceTree = "<group>";
		};
		758F012F26B1FB8500349B32 /* Views */ = {
			isa = PBXGroup;
			children = (
				758F011F26B1F97300349B32 /* MainView.swift */,
				7560EA8726B775B300F3C0CE /* EndView.swift */,
				758F013426B201F600349B32 /* QuizzView.swift */,
			);
			path = Views;
			sourceTree = "<group>";
		};
		758F013126B1FB8A00349B32 /* Models */ = {
			isa = PBXGroup;
			children = (
				75335F322FEDD45100242B2A /* EndScreenData.swift */,
				75335F332FEDD45100242B2A /* MainScreenData.swift */,
				75C715A22FEC5785006A9E17 /* ScreenContent.swift */,
				758F013A26B206D200349B32 /* Question.swift */,
				7560EA7F26B3858A00F3C0CE /* QuestionsRepository.swift */,
			);
			path = Models;
			sourceTree = "<group>";
		};
		75C715722FEB8C29006A9E17 /* ViewModels */ = {
			isa = PBXGroup;
			children = (
				75C715A42FEC64BB006A9E17 /* EndViewModel.swift */,
				75C715A52FEC64BB006A9E17 /* MainViewModel.swift */,
				7560EA8126B386D800F3C0CE /* QuizzViewModel.swift */,
			);
			path = ViewModels;
			sourceTree = "<group>";
		};
		75C715732FEB8C4B006A9E17 /* Enums */ = {
			isa = PBXGroup;
			children = (
				75C7157E2FEB9079006A9E17 /* AnswerState.swift */,
				75C715742FEB8C52006A9E17 /* AppScreen.swift */,
			);
			path = Enums;
			sourceTree = "<group>";
		};
		75C715772FEB9007006A9E17 /* DesignSystem */ = {
			isa = PBXGroup;
			children = (
				75C715802FEB92E7006A9E17 /* Colors.swift */,
				75C715782FEB9011006A9E17 /* Components */,
			);
			path = DesignSystem;
			sourceTree = "<group>";
		};
		75C715782FEB9011006A9E17 /* Components */ = {
			isa = PBXGroup;
			children = (
				75C7157B2FEB903C006A9E17 /* QuizzImageView.swift */,
				75C715792FEB901D006A9E17 /* AnswerButton.swift */,
			);
			path = Components;
			sourceTree = "<group>";
		};
		75C715832FEB98FD006A9E17 /* Localization */ = {
			isa = PBXGroup;
			children = (
				75C715822FEB98FD006A9E17 /* String+Localized.swift */,
				75C715882FEB9921006A9E17 /* en.lproj */,
			);
			path = Localization;
			sourceTree = "<group>";
		};
		75C715852FEB9908006A9E17 /* Utils */ = {
			isa = PBXGroup;
			children = (
				75C715AD2FECBA77006A9E17 /* Managers */,
				75C715A12FEC576A006A9E17 /* Services */,
				75C715832FEB98FD006A9E17 /* Localization */,
			);
			path = Utils;
			sourceTree = "<group>";
		};
		75C715882FEB9921006A9E17 /* en.lproj */ = {
			isa = PBXGroup;
			children = (
				75C715872FEB9921006A9E17 /* Localizable.strings */,
			);
			path = en.lproj;
			sourceTree = "<group>";
		};
		75C715A12FEC576A006A9E17 /* Services */ = {
			isa = PBXGroup;
			children = (
				75C715AA2FECB9A7006A9E17 /* AppSettingsService.swift */,
				75C715A82FEC6FB4006A9E17 /* QuizService.swift */,
				75C7159D2FEC5763006A9E17 /* EndContentService.swift */,
				75C7159E2FEC5763006A9E17 /* MainContentService.swift */,
			);
			path = Services;
			sourceTree = "<group>";
		};
		75C715AD2FECBA77006A9E17 /* Managers */ = {
			isa = PBXGroup;
			children = (
				75C715AC2FECBA77006A9E17 /* LocalStorageManager.swift */,
			);
			path = Managers;
			sourceTree = "<group>";
		};
/* End PBXGroup section */

/* Begin PBXNativeTarget section */
		758F011726B1F97300349B32 /* Strangequizz */ = {
			isa = PBXNativeTarget;
			buildConfigurationList = 758F012C26B1F97400349B32 /* Build configuration list for PBXNativeTarget "Strangequizz" */;
			buildPhases = (
				758F011426B1F97300349B32 /* Sources */,
				758F011526B1F97300349B32 /* Frameworks */,
				758F011626B1F97300349B32 /* Resources */,
			);
			buildRules = (
			);
			dependencies = (
			);
			name = Strangequizz;
			productName = somequizz;
			productReference = 758F011826B1F97300349B32 /* Strangequizz.app */;
			productType = "com.apple.product-type.application";
		};
/* End PBXNativeTarget section */

/* Begin PBXProject section */
		758F011026B1F97300349B32 /* Project object */ = {
			isa = PBXProject;
			attributes = {
				BuildIndependentTargetsInParallel = YES;
				LastSwiftUpdateCheck = 1250;
				LastUpgradeCheck = 2650;
				TargetAttributes = {
					758F011726B1F97300349B32 = {
						CreatedOnToolsVersion = 12.5.1;
					};
				};
			};
			buildConfigurationList = 758F011326B1F97300349B32 /* Build configuration list for PBXProject "Strangequizz" */;
			compatibilityVersion = "Xcode 9.3";
			developmentRegion = en;
			hasScannedForEncodings = 0;
			knownRegions = (
				en,
				Base,
			);
			mainGroup = 758F010F26B1F97300349B32;
			packageReferences = (
				75C7158C2FEC5571006A9E17 /* XCRemoteSwiftPackageReference "firebase-ios-sdk" */,
			);
			productRefGroup = 758F011926B1F97300349B32 /* Products */;
			projectDirPath = "";
			projectRoot = "";
			targets = (
				758F011726B1F97300349B32 /* Strangequizz */,
			);
		};
/* End PBXProject section */

/* Begin PBXResourcesBuildPhase section */
		758F011626B1F97300349B32 /* Resources */ = {
			isa = PBXResourcesBuildPhase;
			buildActionMask = 2147483647;
			files = (
				758F012526B1F97400349B32 /* Assets.xcassets in Resources */,
				75C715892FEB9921006A9E17 /* Localizable.strings in Resources */,
				75C7158B2FEC51FF006A9E17 /* GoogleService-Info.plist in Resources */,
			);
			runOnlyForDeploymentPostprocessing = 0;
		};
/* End PBXResourcesBuildPhase section */

/* Begin PBXSourcesBuildPhase section */
		758F011426B1F97300349B32 /* Sources */ = {
			isa = PBXSourcesBuildPhase;
			buildActionMask = 2147483647;
			files = (
				7560EA8826B775B300F3C0CE /* EndView.swift in Sources */,
				7560EA8026B3858A00F3C0CE /* QuestionsRepository.swift in Sources */,
				75C715AB2FECB9A7006A9E17 /* AppSettingsService.swift in Sources */,
				758F013926B2042A00349B32 /* ContentView.swift in Sources */,
				75C7157C2FEB9040006A9E17 /* QuizzImageView.swift in Sources */,
				75C7159F2FEC5763006A9E17 /* EndContentService.swift in Sources */,
				75C715A62FEC64BB006A9E17 /* EndViewModel.swift in Sources */,
				75C715A72FEC64BB006A9E17 /* MainViewModel.swift in Sources */,
				75C715A02FEC5763006A9E17 /* MainContentService.swift in Sources */,
				75C715842FEB98FD006A9E17 /* String+Localized.swift in Sources */,
				758F012026B1F97300349B32 /* MainView.swift in Sources */,
				75C715A92FEC6FB4006A9E17 /* QuizService.swift in Sources */,
				7560EA8226B386D800F3C0CE /* QuizzViewModel.swift in Sources */,
				75C715AE2FECBA77006A9E17 /* LocalStorageManager.swift in Sources */,
				75C7157A2FEB9022006A9E17 /* AnswerButton.swift in Sources */,
				758F011C26B1F97300349B32 /* AppDelegate.swift in Sources */,
				75C715A32FEC5785006A9E17 /* ScreenContent.swift in Sources */,
				75C715812FEB92E7006A9E17 /* Colors.swift in Sources */,
				758F013526B201F600349B32 /* QuizzView.swift in Sources */,
				75C7157F2FEB907B006A9E17 /* AnswerState.swift in Sources */,
				758F013B26B206D200349B32 /* Question.swift in Sources */,
				75335F342FEDD45100242B2A /* EndScreenData.swift in Sources */,
				75335F352FEDD45100242B2A /* MainScreenData.swift in Sources */,
				75C715752FEB8C54006A9E17 /* AppScreen.swift in Sources */,
			);
			runOnlyForDeploymentPostprocessing = 0;
		};
/* End PBXSourcesBuildPhase section */

/* Begin PBXVariantGroup section */
		75C715872FEB9921006A9E17 /* Localizable.strings */ = {
			isa = PBXVariantGroup;
			children = (
				75C715862FEB9921006A9E17 /* en */,
			);
			name = Localizable.strings;
			sourceTree = "<group>";
		};
/* End PBXVariantGroup section */

/* Begin XCBuildConfiguration section */
		758F012A26B1F97400349B32 /* Debug */ = {
			isa = XCBuildConfiguration;
			buildSettings = {
				ALWAYS_SEARCH_USER_PATHS = NO;
				CLANG_ANALYZER_NONNULL = YES;
				CLANG_ANALYZER_NUMBER_OBJECT_CONVERSION = YES_AGGRESSIVE;
				CLANG_CXX_LANGUAGE_STANDARD = "gnu++14";
				CLANG_CXX_LIBRARY = "libc++";
				CLANG_ENABLE_MODULES = YES;
				CLANG_ENABLE_OBJC_ARC = YES;
				CLANG_ENABLE_OBJC_WEAK = YES;
				CLANG_WARN_BLOCK_CAPTURE_AUTORELEASING = YES;
				CLANG_WARN_BOOL_CONVERSION = YES;
				CLANG_WARN_COMMA = YES;
				CLANG_WARN_CONSTANT_CONVERSION = YES;
				CLANG_WARN_DEPRECATED_OBJC_IMPLEMENTATIONS = YES;
				CLANG_WARN_DIRECT_OBJC_ISA_USAGE = YES_ERROR;
				CLANG_WARN_DOCUMENTATION_COMMENTS = YES;
				CLANG_WARN_EMPTY_BODY = YES;
				CLANG_WARN_ENUM_CONVERSION = YES;
				CLANG_WARN_INFINITE_RECURSION = YES;
				CLANG_WARN_INT_CONVERSION = YES;
				CLANG_WARN_NON_LITERAL_NULL_CONVERSION = YES;
				CLANG_WARN_OBJC_IMPLICIT_RETAIN_SELF = YES;
				CLANG_WARN_OBJC_LITERAL_CONVERSION = YES;
				CLANG_WARN_OBJC_ROOT_CLASS = YES_ERROR;
				CLANG_WARN_QUOTED_INCLUDE_IN_FRAMEWORK_HEADER = YES;
				CLANG_WARN_RANGE_LOOP_ANALYSIS = YES;
				CLANG_WARN_STRICT_PROTOTYPES = YES;
				CLANG_WARN_SUSPICIOUS_MOVE = YES;
				CLANG_WARN_UNGUARDED_AVAILABILITY = YES_AGGRESSIVE;
				CLANG_WARN_UNREACHABLE_CODE = YES;
				CLANG_WARN__DUPLICATE_METHOD_MATCH = YES;
				COPY_PHASE_STRIP = NO;
				DEBUG_INFORMATION_FORMAT = dwarf;
				DEVELOPMENT_TEAM = C7K95G5W2H;
				ENABLE_STRICT_OBJC_MSGSEND = YES;
				ENABLE_TESTABILITY = YES;
				ENABLE_USER_SCRIPT_SANDBOXING = YES;
				GCC_C_LANGUAGE_STANDARD = gnu11;
				GCC_DYNAMIC_NO_PIC = NO;
				GCC_NO_COMMON_BLOCKS = YES;
				GCC_OPTIMIZATION_LEVEL = 0;
				GCC_PREPROCESSOR_DEFINITIONS = (
					"DEBUG=1",
					"$(inherited)",
				);
				GCC_WARN_64_TO_32_BIT_CONVERSION = YES;
				GCC_WARN_ABOUT_RETURN_TYPE = YES_ERROR;
				GCC_WARN_UNDECLARED_SELECTOR = YES;
				GCC_WARN_UNINITIALIZED_AUTOS = YES_AGGRESSIVE;
				GCC_WARN_UNUSED_FUNCTION = YES;
				GCC_WARN_UNUSED_VARIABLE = YES;
				IPHONEOS_DEPLOYMENT_TARGET = 14.5;
				MTL_ENABLE_DEBUG_INFO = INCLUDE_SOURCE;
				MTL_FAST_MATH = YES;
				ONLY_ACTIVE_ARCH = YES;
				SDKROOT = iphoneos;
				STRING_CATALOG_GENERATE_SYMBOLS = YES;
				SWIFT_ACTIVE_COMPILATION_CONDITIONS = DEBUG;
				SWIFT_OPTIMIZATION_LEVEL = "-Onone";
			};
			name = Debug;
		};
		758F012B26B1F97400349B32 /* Release */ = {
			isa = XCBuildConfiguration;
			buildSettings = {
				ALWAYS_SEARCH_USER_PATHS = NO;
				CLANG_ANALYZER_NONNULL = YES;
				CLANG_ANALYZER_NUMBER_OBJECT_CONVERSION = YES_AGGRESSIVE;
				CLANG_CXX_LANGUAGE_STANDARD = "gnu++14";
				CLANG_CXX_LIBRARY = "libc++";
				CLANG_ENABLE_MODULES = YES;
				CLANG_ENABLE_OBJC_ARC = YES;
				CLANG_ENABLE_OBJC_WEAK = YES;
				CLANG_WARN_BLOCK_CAPTURE_AUTORELEASING = YES;
				CLANG_WARN_BOOL_CONVERSION = YES;
				CLANG_WARN_COMMA = YES;
				CLANG_WARN_CONSTANT_CONVERSION = YES;
				CLANG_WARN_DEPRECATED_OBJC_IMPLEMENTATIONS = YES;
				CLANG_WARN_DIRECT_OBJC_ISA_USAGE = YES_ERROR;
				CLANG_WARN_DOCUMENTATION_COMMENTS = YES;
				CLANG_WARN_EMPTY_BODY = YES;
				CLANG_WARN_ENUM_CONVERSION = YES;
				CLANG_WARN_INFINITE_RECURSION = YES;
				CLANG_WARN_INT_CONVERSION = YES;
				CLANG_WARN_NON_LITERAL_NULL_CONVERSION = YES;
				CLANG_WARN_OBJC_IMPLICIT_RETAIN_SELF = YES;
				CLANG_WARN_OBJC_LITERAL_CONVERSION = YES;
				CLANG_WARN_OBJC_ROOT_CLASS = YES_ERROR;
				CLANG_WARN_QUOTED_INCLUDE_IN_FRAMEWORK_HEADER = YES;
				CLANG_WARN_RANGE_LOOP_ANALYSIS = YES;
				CLANG_WARN_STRICT_PROTOTYPES = YES;
				CLANG_WARN_SUSPICIOUS_MOVE = YES;
				CLANG_WARN_UNGUARDED_AVAILABILITY = YES_AGGRESSIVE;
				CLANG_WARN_UNREACHABLE_CODE = YES;
				CLANG_WARN__DUPLICATE_METHOD_MATCH = YES;
				COPY_PHASE_STRIP = NO;
				DEBUG_INFORMATION_FORMAT = "dwarf-with-dsym";
				DEVELOPMENT_TEAM = C7K95G5W2H;
				ENABLE_NS_ASSERTIONS = NO;
				ENABLE_STRICT_OBJC_MSGSEND = YES;
				ENABLE_USER_SCRIPT_SANDBOXING = YES;
				GCC_C_LANGUAGE_STANDARD = gnu11;
				GCC_NO_COMMON_BLOCKS = YES;
				GCC_WARN_64_TO_32_BIT_CONVERSION = YES;
				GCC_WARN_ABOUT_RETURN_TYPE = YES_ERROR;
				GCC_WARN_UNDECLARED_SELECTOR = YES;
				GCC_WARN_UNINITIALIZED_AUTOS = YES_AGGRESSIVE;
				GCC_WARN_UNUSED_FUNCTION = YES;
				GCC_WARN_UNUSED_VARIABLE = YES;
				IPHONEOS_DEPLOYMENT_TARGET = 14.5;
				MTL_ENABLE_DEBUG_INFO = NO;
				MTL_FAST_MATH = YES;
				SDKROOT = iphoneos;
				STRING_CATALOG_GENERATE_SYMBOLS = YES;
				SWIFT_COMPILATION_MODE = wholemodule;
				SWIFT_OPTIMIZATION_LEVEL = "-O";
				VALIDATE_PRODUCT = YES;
			};
			name = Release;
		};
		758F012D26B1F97400349B32 /* Debug */ = {
			isa = XCBuildConfiguration;
			buildSettings = {
				ASSETCATALOG_COMPILER_APPICON_NAME = AppIcon;
				ASSETCATALOG_COMPILER_GLOBAL_ACCENT_COLOR_NAME = AccentColor;
				CODE_SIGN_STYLE = Automatic;
				CURRENT_PROJECT_VERSION = 1.0;
				INFOPLIST_FILE = somequizz/Info.plist;
				IPHONEOS_DEPLOYMENT_TARGET = 15;
				LD_RUNPATH_SEARCH_PATHS = (
					"$(inherited)",
					"@executable_path/Frameworks",
				);
				PRODUCT_BUNDLE_IDENTIFIER = com.pupper.Strangequizz;
				PRODUCT_NAME = "$(TARGET_NAME)";
				SWIFT_VERSION = 5.0;
				TARGETED_DEVICE_FAMILY = 1;
			};
			name = Debug;
		};
		758F012E26B1F97400349B32 /* Release */ = {
			isa = XCBuildConfiguration;
			buildSettings = {
				ASSETCATALOG_COMPILER_APPICON_NAME = AppIcon;
				ASSETCATALOG_COMPILER_GLOBAL_ACCENT_COLOR_NAME = AccentColor;
				CODE_SIGN_STYLE = Automatic;
				CURRENT_PROJECT_VERSION = 1.0;
				INFOPLIST_FILE = somequizz/Info.plist;
				IPHONEOS_DEPLOYMENT_TARGET = 15;
				LD_RUNPATH_SEARCH_PATHS = (
					"$(inherited)",
					"@executable_path/Frameworks",
				);
				PRODUCT_BUNDLE_IDENTIFIER = com.pupper.Strangequizz;
				PRODUCT_NAME = "$(TARGET_NAME)";
				SWIFT_VERSION = 5.0;
				TARGETED_DEVICE_FAMILY = 1;
			};
			name = Release;
		};
/* End XCBuildConfiguration section */

/* Begin XCConfigurationList section */
		758F011326B1F97300349B32 /* Build configuration list for PBXProject "Strangequizz" */ = {
			isa = XCConfigurationList;
			buildConfigurations = (
				758F012A26B1F97400349B32 /* Debug */,
				758F012B26B1F97400349B32 /* Release */,
			);
			defaultConfigurationIsVisible = 0;
			defaultConfigurationName = Release;
		};
		758F012C26B1F97400349B32 /* Build configuration list for PBXNativeTarget "Strangequizz" */ = {
			isa = XCConfigurationList;
			buildConfigurations = (
				758F012D26B1F97400349B32 /* Debug */,
				758F012E26B1F97400349B32 /* Release */,
			);
			defaultConfigurationIsVisible = 0;
			defaultConfigurationName = Release;
		};
/* End XCConfigurationList section */

/* Begin XCRemoteSwiftPackageReference section */
		75C7158C2FEC5571006A9E17 /* XCRemoteSwiftPackageReference "firebase-ios-sdk" */ = {
			isa = XCRemoteSwiftPackageReference;
			repositoryURL = "https://github.com/firebase/firebase-ios-sdk";
			requirement = {
				kind = upToNextMajorVersion;
				minimumVersion = 12.15.0;
			};
		};
/* End XCRemoteSwiftPackageReference section */

/* Begin XCSwiftPackageProductDependency section */
		75C7158D2FEC5571006A9E17 /* FirebaseAnalytics */ = {
			isa = XCSwiftPackageProductDependency;
			package = 75C7158C2FEC5571006A9E17 /* XCRemoteSwiftPackageReference "firebase-ios-sdk" */;
			productName = FirebaseAnalytics;
		};
		75C7158F2FEC5571006A9E17 /* FirebaseAnalyticsCore */ = {
			isa = XCSwiftPackageProductDependency;
			package = 75C7158C2FEC5571006A9E17 /* XCRemoteSwiftPackageReference "firebase-ios-sdk" */;
			productName = FirebaseAnalyticsCore;
		};
		75C715912FEC5571006A9E17 /* FirebaseCore */ = {
			isa = XCSwiftPackageProductDependency;
			package = 75C7158C2FEC5571006A9E17 /* XCRemoteSwiftPackageReference "firebase-ios-sdk" */;
			productName = FirebaseCore;
		};
		75C715932FEC5571006A9E17 /* FirebaseDatabase */ = {
			isa = XCSwiftPackageProductDependency;
			package = 75C7158C2FEC5571006A9E17 /* XCRemoteSwiftPackageReference "firebase-ios-sdk" */;
			productName = FirebaseDatabase;
		};
		75C715952FEC5571006A9E17 /* FirebaseFirestore */ = {
			isa = XCSwiftPackageProductDependency;
			package = 75C7158C2FEC5571006A9E17 /* XCRemoteSwiftPackageReference "firebase-ios-sdk" */;
			productName = FirebaseFirestore;
		};
		75C715972FEC5571006A9E17 /* FirebaseFirestoreCombine-Community */ = {
			isa = XCSwiftPackageProductDependency;
			package = 75C7158C2FEC5571006A9E17 /* XCRemoteSwiftPackageReference "firebase-ios-sdk" */;
			productName = "FirebaseFirestoreCombine-Community";
		};
/* End XCSwiftPackageProductDependency section */
	};
	rootObject = 758F011026B1F97300349B32 /* Project object */;
}
